// !$*UTF8*$!
{
	archiveVersion = 1;
	classes = {
	};
	objectVersion = 46;
	objects = {

/* Begin PBXBuildFile section */
		BB61F3AF1B8C35EE0078EE12 /* Main.storyboard in Resources */ = {isa = PBXBuildFile; fileRef = BB61F3AE1B8C35EE0078EE12 /* Main.storyboard */; };
		BBDB1D141B86E8DA009ACBCB /* NSString+Utils.m in Sources */ = {isa = PBXBuildFile; fileRef = BBDB1D131B86E8DA009ACBCB /* NSString+Utils.m */; };
		BBDB1D1E1B86F243009ACBCB /* ServiceLoaderUtil.m in Sources */ = {isa = PBXBuildFile; fileRef = BBDB1D151B86F243009ACBCB /* ServiceLoaderUtil.m */; };
		BBDB1D1F1B86F243009ACBCB /* DefaultServiceLoader.m in Sources */ = {isa = PBXBuildFile; fileRef = BBDB1D161B86F243009ACBCB /* DefaultServiceLoader.m */; };
		BBDB1D201B86F243009ACBCB /* NetworkConfiguration.m in Sources */ = {isa = PBXBuildFile; fileRef = BBDB1D191B86F243009ACBCB /* NetworkConfiguration.m */; };
		BBDB1D211B86F243009ACBCB /* ServiceLoader.m in Sources */ = {isa = PBXBuildFile; fileRef = BBDB1D1B1B86F243009ACBCB /* ServiceLoader.m */; };
		BBDB1D241B871F3B009ACBCB /* UIView+Utils.m in Sources */ = {isa = PBXBuildFile; fileRef = BBDB1D221B871F3B009ACBCB /* UIView+Utils.m */; };
		BBF59C041B8D9EF800FC92A8 /* 1.png in Resources */ = {isa = PBXBuildFile; fileRef = BBF59C031B8D9EF800FC92A8 /* 1.png */; };
		BBFE67911B85BF77006AAB67 /* main.m in Sources */ = {isa = PBXBuildFile; fileRef = BBFE67901B85BF77006AAB67 /* main.m */; };
		BBFE67941B85BF77006AAB67 /* AppDelegate.m in Sources */ = {isa = PBXBuildFile; fileRef = BBFE67931B85BF77006AAB67 /* AppDelegate.m */; };
		BBFE67971B85BF77006AAB67 /* ViewController.m in Sources */ = {isa = PBXBuildFile; fileRef = BBFE67961B85BF77006AAB67 /* ViewController.m */; };
		BBFE679C1B85BF77006AAB67 /* Images.xcassets in Resources */ = {isa = PBXBuildFile; fileRef = BBFE679B1B85BF77006AAB67 /* Images.xcassets */; };
		BBFE679F1B85BF77006AAB67 /* LaunchScreen.xib in Resources */ = {isa = PBXBuildFile; fileRef = BBFE679D1B85BF77006AAB67 /* LaunchScreen.xib */; };
		BBFE67AB1B85BF77006AAB67 /* PisImageLoaderTests.m in Sources */ = {isa = PBXBuildFile; fileRef = BBFE67AA1B85BF77006AAB67 /* PisImageLoaderTests.m */; };
		BBFE67B81B85C03D006AAB67 /* UIImageView+Network.m in Sources */ = {isa = PBXBuildFile; fileRef = BBFE67B71B85C03D006AAB67 /* UIImageView+Network.m */; };
/* End PBXBuildFile section */

/* Begin PBXContainerItemProxy section */
		BBFE67A51B85BF77006AAB67 /* PBXContainerItemProxy */ = {
			isa = PBXContainerItemProxy;
			containerPortal = BBFE67831B85BF77006AAB67 /* Project object */;
			proxyType = 1;
			remoteGlobalIDString = BBFE678A1B85BF77006AAB67;
			remoteInfo = PisImageLoader;
		};
/* End PBXContainerItemProxy section */

/* Begin PBXFileReference section */
		BB61F3AE1B8C35EE0078EE12 /* Main.storyboard */ = {isa = PBXFileReference; fileEncoding = 4; lastKnownFileType = file.storyboard; path = Main.storyboard; sourceTree = "<group>"; };
		BBDB1D121B86E8DA009ACBCB /* NSString+Utils.h */ = {isa = PBXFileReference; fileEncoding = 4; lastKnownFileType = sourcecode.c.h; path = "NSString+Utils.h"; sourceTree = "<group>"; };
		BBDB1D131B86E8DA009ACBCB /* NSString+Utils.m */ = {isa = PBXFileReference; fileEncoding = 4; lastKnownFileType = sourcecode.c.objc; path = "NSString+Utils.m"; sourceTree = "<group>"; };
		BBDB1D151B86F243009ACBCB /* ServiceLoaderUtil.m */ = {isa = PBXFileReference; fileEncoding = 4; lastKnownFileType = sourcecode.c.objc; path = ServiceLoaderUtil.m; sourceTree = "<group>"; };
		BBDB1D161B86F243009ACBCB /* DefaultServiceLoader.m */ = {isa = PBXFileReference; fileEncoding = 4; lastKnownFileType = sourcecode.c.objc; path = DefaultServiceLoader.m; sourceTree = "<group>"; };
		BBDB1D171B86F243009ACBCB /* ServiceLoader.h */ = {isa = PBXFileReference; fileEncoding = 4; lastKnownFileType = sourcecode.c.h; path = ServiceLoader.h; sourceTree = "<group>"; };
		BBDB1D181B86F243009ACBCB /* DefaultServiceLoader.h */ = {isa = PBXFileReference; fileEncoding = 4; lastKnownFileType = sourcecode.c.h; path = DefaultServiceLoader.h; sourceTree = "<group>"; };
		BBDB1D191B86F243009ACBCB /* NetworkConfiguration.m */ = {isa = PBXFileReference; fileEncoding = 4; lastKnownFileType = sourcecode.c.objc; path = NetworkConfiguration.m; sourceTree = "<group>"; };
		BBDB1D1A1B86F243009ACBCB /* NetworkConfiguration.h */ = {isa = PBXFileReference; fileEncoding = 4; lastKnownFileType = sourcecode.c.h; path = NetworkConfiguration.h; sourceTree = "<group>"; };
		BBDB1D1B1B86F243009ACBCB /* ServiceLoader.m */ = {isa = PBXFileReference; fileEncoding = 4; lastKnownFileType = sourcecode.c.objc; path = ServiceLoader.m; sourceTree = "<group>"; };
		BBDB1D1C1B86F243009ACBCB /* ServiceLoaderUtil.h */ = {isa = PBXFileReference; fileEncoding = 4; lastKnownFileType = sourcecode.c.h; path = ServiceLoaderUtil.h; sourceTree = "<group>"; };
		BBDB1D1D1B86F243009ACBCB /* Consts.h */ = {isa = PBXFileReference; fileEncoding = 4; lastKnownFileType = sourcecode.c.h; path = Consts.h; sourceTree = "<group>"; };
		BBDB1D221B871F3B009ACBCB /* UIView+Utils.m */ = {isa = PBXFileReference; fileEncoding = 4; lastKnownFileType = sourcecode.c.objc; path = "UIView+Utils.m"; sourceTree = "<group>"; };
		BBDB1D231B871F3B009ACBCB /* UIView+Utils.h */ = {isa = PBXFileReference; fileEncoding = 4; lastKnownFileType = sourcecode.c.h; path = "UIView+Utils.h"; sourceTree = "<group>"; };
		BBF59C031B8D9EF800FC92A8 /* 1.png */ = {isa = PBXFileReference; lastKnownFileType = image.png; path = 1.png; sourceTree = "<group>"; };
		BBFE678B1B85BF77006AAB67 /* PisImageLoader.app */ = {isa = PBXFileReference; explicitFileType = wrapper.application; includeInIndex = 0; path = PisImageLoader.app; sourceTree = BUILT_PRODUCTS_DIR; };
		BBFE678F1B85BF77006AAB67 /* Info.plist */ = {isa = PBXFileReference; lastKnownFileType = text.plist.xml; path = Info.plist; sourceTree = "<group>"; };
		BBFE67901B85BF77006AAB67 /* main.m */ = {isa = PBXFileReference; lastKnownFileType = sourcecode.c.objc; path = main.m; sourceTree = "<group>"; };
		BBFE67921B85BF77006AAB67 /* AppDelegate.h */ = {isa = PBXFileReference; lastKnownFileType = sourcecode.c.h; path = AppDelegate.h; sourceTree = "<group>"; };
		BBFE67931B85BF77006AAB67 /* AppDelegate.m */ = {isa = PBXFileReference; lastKnownFileType = sourcecode.c.objc; path = AppDelegate.m; sourceTree = "<group>"; };
		BBFE67951B85BF77006AAB67 /* ViewController.h */ = {isa = PBXFileReference; lastKnownFileType = sourcecode.c.h; path = ViewController.h; sourceTree = "<group>"; };
		BBFE67961B85BF77006AAB67 /* ViewController.m */ = {isa = PBXFileReference; lastKnownFileType = sourcecode.c.objc; path = ViewController.m; sourceTree = "<group>"; };
		BBFE679B1B85BF77006AAB67 /* Images.xcassets */ = {isa = PBXFileReference; lastKnownFileType = folder.assetcatalog; path = Images.xcassets; sourceTree = "<group>"; };
		BBFE679E1B85BF77006AAB67 /* Base */ = {isa = PBXFileReference; lastKnownFileType = file.xib; name = Base; path = Base.lproj/LaunchScreen.xib; sourceTree = "<group>"; };
		BBFE67A41B85BF77006AAB67 /* PisImageLoaderTests.xctest */ = {isa = PBXFileReference; explicitFileType = wrapper.cfbundle; includeInIndex = 0; path = PisImageLoaderTests.xctest; sourceTree = BUILT_PRODUCTS_DIR; };
		BBFE67A91B85BF77006AAB67 /* Info.plist */ = {isa = PBXFileReference; lastKnownFileType = text.plist.xml; path = Info.plist; sourceTree = "<group>"; };
		BBFE67AA1B85BF77006AAB67 /* PisImageLoaderTests.m */ = {isa = PBXFileReference; lastKnownFileType = sourcecode.c.objc; path = PisImageLoaderTests.m; sourceTree = "<group>"; };
		BBFE67B61B85C03D006AAB67 /* UIImageView+Network.h */ = {isa = PBXFileReference; fileEncoding = 4; lastKnownFileType = sourcecode.c.h; path = "UIImageView+Network.h"; sourceTree = "<group>"; };
		BBFE67B71B85C03D006AAB67 /* UIImageView+Network.m */ = {isa = PBXFileReference; fileEncoding = 4; lastKnownFileType = sourcecode.c.objc; path = "UIImageView+Network.m"; sourceTree = "<group>"; };
/* End PBXFileReference section */

/* Begin PBXFrameworksBuildPhase section */
		BBFE67881B85BF77006AAB67 /* Frameworks */ = {
			isa = PBXFrameworksBuildPhase;
			buildActionMask = 2147483647;
			files = (
			);
			runOnlyForDeploymentPostprocessing = 0;
		};
		BBFE67A11B85BF77006AAB67 /* Frameworks */ = {
			isa = PBXFrameworksBuildPhase;
			buildActionMask = 2147483647;
			files = (
			);
			runOnlyForDeploymentPostprocessing = 0;
		};
/* End PBXFrameworksBuildPhase section */

/* Begin PBXGroup section */
		BBFE67821B85BF77006AAB67 = {
			isa = PBXGroup;
			children = (
				BBFE678D1B85BF77006AAB67 /* PisImageLoader */,
				BBFE67A71B85BF77006AAB67 /* PisImageLoaderTests */,
				BBFE678C1B85BF77006AAB67 /* Products */,
			);
			sourceTree = "<group>";
		};
		BBFE678C1B85BF77006AAB67 /* Products */ = {
			isa = PBXGroup;
			children = (
				BBFE678B1B85BF77006AAB67 /* PisImageLoader.app */,
				BBFE67A41B85BF77006AAB67 /* PisImageLoaderTests.xctest */,
			);
			name = Products;
			sourceTree = "<group>";
		};
		BBFE678D1B85BF77006AAB67 /* PisImageLoader */ = {
			isa = PBXGroup;
			children = (
				BBFE67921B85BF77006AAB67 /* AppDelegate.h */,
				BBFE67931B85BF77006AAB67 /* AppDelegate.m */,
				BBFE67951B85BF77006AAB67 /* ViewController.h */,
				BBFE67961B85BF77006AAB67 /* ViewController.m */,
				BB61F3AE1B8C35EE0078EE12 /* Main.storyboard */,
				BBFE67B51B85C002006AAB67 /* imageLoader */,
				BBF59C031B8D9EF800FC92A8 /* 1.png */,
				BBFE679B1B85BF77006AAB67 /* Images.xcassets */,
				BBFE679D1B85BF77006AAB67 /* LaunchScreen.xib */,
				BBFE678E1B85BF77006AAB67 /* Supporting Files */,
			);
			path = PisImageLoader;
			sourceTree = "<group>";
		};
		BBFE678E1B85BF77006AAB67 /* Supporting Files */ = {
			isa = PBXGroup;
			children = (
				BBFE678F1B85BF77006AAB67 /* Info.plist */,
				BBFE67901B85BF77006AAB67 /* main.m */,
			);
			name = "Supporting Files";
			sourceTree = "<group>";
		};
		BBFE67A71B85BF77006AAB67 /* PisImageLoaderTests */ = {
			isa = PBXGroup;
			children = (
				BBFE67AA1B85BF77006AAB67 /* PisImageLoaderTests.m */,
				BBFE67A81B85BF77006AAB67 /* Supporting Files */,
			);
			path = PisImageLoaderTests;
			sourceTree = "<group>";
		};
		BBFE67A81B85BF77006AAB67 /* Supporting Files */ = {
			isa = PBXGroup;
			children = (
				BBFE67A91B85BF77006AAB67 /* Info.plist */,
			);
			name = "Supporting Files";
			sourceTree = "<group>";
		};
		BBFE67B51B85C002006AAB67 /* imageLoader */ = {
			isa = PBXGroup;
			children = (
				BBFE67B61B85C03D006AAB67 /* UIImageView+Network.h */,
				BBFE67B71B85C03D006AAB67 /* UIImageView+Network.m */,
				BBDB1D171B86F243009ACBCB /* ServiceLoader.h */,
				BBDB1D1B1B86F243009ACBCB /* ServiceLoader.m */,
				BBDB1D1C1B86F243009ACBCB /* ServiceLoaderUtil.h */,
				BBDB1D151B86F243009ACBCB /* ServiceLoaderUtil.m */,
				BBDB1D181B86F243009ACBCB /* DefaultServiceLoader.h */,
				BBDB1D161B86F243009ACBCB /* DefaultServiceLoader.m */,
				BBDB1D1A1B86F243009ACBCB /* NetworkConfiguration.h */,
				BBDB1D191B86F243009ACBCB /* NetworkConfiguration.m */,
				BBDB1D1D1B86F243009ACBCB /* Consts.h */,
				BBDB1D121B86E8DA009ACBCB /* NSString+Utils.h */,
				BBDB1D131B86E8DA009ACBCB /* NSString+Utils.m */,
				BBDB1D221B871F3B009ACBCB /* UIView+Utils.m */,
				BBDB1D231B871F3B009ACBCB /* UIView+Utils.h */,
			);
			path = imageLoader;
			sourceTree = "<group>";
		};
/* End PBXGroup section */

/* Begin PBXNativeTarget section */
		BBFE678A1B85BF77006AAB67 /* PisImageLoader */ = {
			isa = PBXNativeTarget;
			buildConfigurationList = BBFE67AE1B85BF77006AAB67 /* Build configuration list for PBXNativeTarget "PisImageLoader" */;
			buildPhases = (
				BBFE67871B85BF77006AAB67 /* Sources */,
				BBFE67881B85BF77006AAB67 /* Frameworks */,
				BBFE67891B85BF77006AAB67 /* Resources */,
			);
			buildRules = (
			);
			dependencies = (
			);
			name = PisImageLoader;
			productName = PisImageLoader;
			productReference = BBFE678B1B85BF77006AAB67 /* PisImageLoader.app */;
			productType = "com.apple.product-type.application";
		};
		BBFE67A31B85BF77006AAB67 /* PisImageLoaderTests */ = {
			isa = PBXNativeTarget;
			buildConfigurationList = BBFE67B11B85BF77006AAB67 /* Build configuration list for PBXNativeTarget "PisImageLoaderTests" */;
			buildPhases = (
				BBFE67A01B85BF77006AAB67 /* Sources */,
				BBFE67A11B85BF77006AAB67 /* Frameworks */,
				BBFE67A21B85BF77006AAB67 /* Resources */,
			);
			buildRules = (
			);
			dependencies = (
				BBFE67A61B85BF77006AAB67 /* PBXTargetDependency */,
			);
			name = PisImageLoaderTests;
			productName = PisImageLoaderTests;
			productReference = BBFE67A41B85BF77006AAB67 /* PisImageLoaderTests.xctest */;
			productType = "com.apple.product-type.bundle.unit-test";
		};
/* End PBXNativeTarget section */

/* Begin PBXProject section */
		BBFE67831B85BF77006AAB67 /* Project object */ = {
			isa = PBXProject;
			attributes = {
				LastUpgradeCheck = 0630;
				ORGANIZATIONNAME = newegg;
				TargetAttributes = {
					BBFE678A1B85BF77006AAB67 = {
						CreatedOnToolsVersion = 6.3.1;
					};
					BBFE67A31B85BF77006AAB67 = {
						CreatedOnToolsVersion = 6.3.1;
						TestTargetID = BBFE678A1B85BF77006AAB67;
					};
				};
			};
			buildConfigurationList = BBFE67861B85BF77006AAB67 /* Build configuration list for PBXProject "PisImageLoader" */;
			compatibilityVersion = "Xcode 3.2";
			developmentRegion = English;
			hasScannedForEncodings = 0;
			knownRegions = (
				en,
				Base,
			);
			mainGroup = BBFE67821B85BF77006AAB67;
			productRefGroup = BBFE678C1B85BF77006AAB67 /* Products */;
			projectDirPath = "";
			projectRoot = "";
			targets = (
				BBFE678A1B85BF77006AAB67 /* PisImageLoader */,
				BBFE67A31B85BF77006AAB67 /* PisImageLoaderTests */,
			);
		};
/* End PBXProject section */

/* Begin PBXResourcesBuildPhase section */
		BBFE67891B85BF77006AAB67 /* Resources */ = {
			isa = PBXResourcesBuildPhase;
			buildActionMask = 2147483647;
			files = (
				BB61F3AF1B8C35EE0078EE12 /* Main.storyboard in Resources */,
				BBF59C041B8D9EF800FC92A8 /* 1.png in Resources */,
				BBFE679F1B85BF77006AAB67 /* LaunchScreen.xib in Resources */,
				BBFE679C1B85BF77006AAB67 /* Images.xcassets in Resources */,
			);
			runOnlyForDeploymentPostprocessing = 0;
		};
		BBFE67A21B85BF77006AAB67 /* Resources */ = {
			isa = PBXResourcesBuildPhase;
			buildActionMask = 2147483647;
			files = (
			);
			runOnlyForDeploymentPostprocessing = 0;
		};
/* End PBXResourcesBuildPhase section */

/* Begin PBXSourcesBuildPhase section */
		BBFE67871B85BF77006AAB67 /* Sources */ = {
			isa = PBXSourcesBuildPhase;
			buildActionMask = 2147483647;
			files = (
				BBFE67971B85BF77006AAB67 /* ViewController.m in Sources */,
				BBFE67B81B85C03D006AAB67 /* UIImageView+Network.m in Sources */,
				BBDB1D1F1B86F243009ACBCB /* DefaultServiceLoader.m in Sources */,
				BBDB1D201B86F243009ACBCB /* NetworkConfiguration.m in Sources */,
				BBDB1D141B86E8DA009ACBCB /* NSString+Utils.m in Sources */,
				BBFE67941B85BF77006AAB67 /* AppDelegate.m in Sources */,
				BBDB1D211B86F243009ACBCB /* ServiceLoader.m in Sources */,
				BBDB1D1E1B86F243009ACBCB /* ServiceLoaderUtil.m in Sources */,
				BBDB1D241B871F3B009ACBCB /* UIView+Utils.m in Sources */,
				BBFE67911B85BF77006AAB67 /* main.m in Sources */,
			);
			runOnlyForDeploymentPostprocessing = 0;
		};
		BBFE67A01B85BF77006AAB67 /* Sources */ = {
			isa = PBXSourcesBuildPhase;
			buildActionMask = 2147483647;
			files = (
				BBFE67AB1B85BF77006AAB67 /* PisImageLoaderTests.m in Sources */,
			);
			runOnlyForDeploymentPostprocessing = 0;
		};
/* End PBXSourcesBuildPhase section */

/* Begin PBXTargetDependency section */
		BBFE67A61B85BF77006AAB67 /* PBXTargetDependency */ = {
			isa = PBXTargetDependency;
			target = BBFE678A1B85BF77006AAB67 /* PisImageLoader */;
			targetProxy = BBFE67A51B85BF77006AAB67 /* PBXContainerItemProxy */;
		};
/* End PBXTargetDependency section */

/* Begin PBXVariantGroup section */
		BBFE679D1B85BF77006AAB67 /* LaunchScreen.xib */ = {
			isa = PBXVariantGroup;
			children = (
				BBFE679E1B85BF77006AAB67 /* Base */,
			);
			name = LaunchScreen.xib;
			sourceTree = "<group>";
		};
/* End PBXVariantGroup section */

/* Begin XCBuildConfiguration section */
		BBFE67AC1B85BF77006AAB67 /* Debug */ = {
			isa = XCBuildConfiguration;
			buildSettings = {
				ALWAYS_SEARCH_USER_PATHS = NO;
				CLANG_CXX_LANGUAGE_STANDARD = "gnu++0x";
				CLANG_CXX_LIBRARY = "libc++";
				CLANG_ENABLE_MODULES = YES;
				CLANG_ENABLE_OBJC_ARC = YES;
				CLANG_WARN_BOOL_CONVERSION = YES;
				CLANG_WARN_CONSTANT_CONVERSION = YES;
				CLANG_WARN_DIRECT_OBJC_ISA_USAGE = YES_ERROR;
				CLANG_WARN_EMPTY_BODY = YES;
				CLANG_WARN_ENUM_CONVERSION = YES;
				CLANG_WARN_INT_CONVERSION = YES;
				CLANG_WARN_OBJC_ROOT_CLASS = YES_ERROR;
				CLANG_WARN_UNREACHABLE_CODE = YES;
				CLANG_WARN__DUPLICATE_METHOD_MATCH = YES;
				"CODE_SIGN_IDENTITY[sdk=iphoneos*]" = "iPhone Developer";
				COPY_PHASE_STRIP = NO;
				DEBUG_INFORMATION_FORMAT = "dwarf-with-dsym";
				ENABLE_STRICT_OBJC_MSGSEND = YES;
				GCC_C_LANGUAGE_STANDARD = gnu99;
				GCC_DYNAMIC_NO_PIC = NO;
				GCC_NO_COMMON_BLOCKS = YES;
				GCC_OPTIMIZATION_LEVEL = 0;
				GCC_PREPROCESSOR_DEFINITIONS = (
					"DEBUG=1",
					"$(inherited)",
				);
				GCC_SYMBOLS_PRIVATE_EXTERN = NO;
				GCC_WARN_64_TO_32_BIT_CONVERSION = YES;
				GCC_WARN_ABOUT_RETURN_TYPE = YES_ERROR;
				GCC_WARN_UNDECLARED_SELECTOR = YES;
				GCC_WARN_UNINITIALIZED_AUTOS = YES_AGGRESSIVE;
				GCC_WARN_UNUSED_FUNCTION = YES;
				GCC_WARN_UNUSED_VARIABLE = YES;
				IPHONEOS_DEPLOYMENT_TARGET = 8.3;
				MTL_ENABLE_DEBUG_INFO = YES;
				ONLY_ACTIVE_ARCH = YES;
				SDKROOT = iphoneos;
			};
			name = Debug;
		};
		BBFE67AD1B85BF77006AAB67 /* Release */ = {
			isa = XCBuildConfiguration;
			buildSettings = {
				ALWAYS_SEARCH_USER_PATHS = NO;
				CLANG_CXX_LANGUAGE_STANDARD = "gnu++0x";
				CLANG_CXX_LIBRARY = "libc++";
				CLANG_ENABLE_MODULES = YES;
				CLANG_ENABLE_OBJC_ARC = YES;
				CLANG_WARN_BOOL_CONVERSION = YES;
				CLANG_WARN_CONSTANT_CONVERSION = YES;
				CLANG_WARN_DIRECT_OBJC_ISA_USAGE = YES_ERROR;
				CLANG_WARN_EMPTY_BODY = YES;
				CLANG_WARN_ENUM_CONVERSION = YES;
				CLANG_WARN_INT_CONVERSION = YES;
				CLANG_WARN_OBJC_ROOT_CLASS = YES_ERROR;
				CLANG_WARN_UNREACHABLE_CODE = YES;
				CLANG_WARN__DUPLICATE_METHOD_MATCH = YES;
				"CODE_SIGN_IDENTITY[sdk=iphoneos*]" = "iPhone Developer";
				COPY_PHASE_STRIP = NO;
				DEBUG_INFORMATION_FORMAT = "dwarf-with-dsym";
				ENABLE_NS_ASSERTIONS = NO;
				ENABLE_STRICT_OBJC_MSGSEND = YES;
				GCC_C_LANGUAGE_STANDARD = gnu99;
				GCC_NO_COMMON_BLOCKS = YES;
				GCC_WARN_64_TO_32_BIT_CONVERSION = YES;
				GCC_WARN_ABOUT_RETURN_TYPE = YES_ERROR;
				GCC_WARN_UNDECLARED_SELECTOR = YES;
				GCC_WARN_UNINITIALIZED_AUTOS = YES_AGGRESSIVE;
				GCC_WARN_UNUSED_FUNCTION = YES;
				GCC_WARN_UNUSED_VARIABLE = YES;
				IPHONEOS_DEPLOYMENT_TARGET = 8.3;
				MTL_ENABLE_DEBUG_INFO = NO;
				SDKROOT = iphoneos;
				VALIDATE_PRODUCT = YES;
			};
			name = Release;
		};
		BBFE67AF1B85BF77006AAB67 /* Debug */ = {
			isa = XCBuildConfiguration;
			buildSettings = {
				ASSETCATALOG_COMPILER_APPICON_NAME = AppIcon;
				CODE_SIGN_IDENTITY = "iPhone Developer: Aniu Zeng (F85C7G374W)";
				INFOPLIST_FILE = PisImageLoader/Info.plist;
				LD_RUNPATH_SEARCH_PATHS = "$(inherited) @executable_path/Frameworks";
				PRODUCT_NAME = "$(TARGET_NAME)";
				PROVISIONING_PROFILE = "0221f8fb-88f3-4f04-bddc-cde1b58d670e";
			};
			name = Debug;
		};
		BBFE67B01B85BF77006AAB67 /* Release */ = {
			isa = XCBuildConfiguration;
			buildSettings = {
				ASSETCATALOG_COMPILER_APPICON_NAME = AppIcon;
				CODE_SIGN_IDENTITY = "iPhone Developer: Aniu Zeng (F85C7G374W)";
				INFOPLIST_FILE = PisImageLoader/Info.plist;
				LD_RUNPATH_SEARCH_PATHS = "$(inherited) @executable_path/Frameworks";
				PRODUCT_NAME = "$(TARGET_NAME)";
				PROVISIONING_PROFILE = "0221f8fb-88f3-4f04-bddc-cde1b58d670e";
			};
			name = Release;
		};
		BBFE67B21B85BF77006AAB67 /* Debug */ = {
			isa = XCBuildConfiguration;
			buildSettings = {
				BUNDLE_LOADER = "$(TEST_HOST)";
				FRAMEWORK_SEARCH_PATHS = (
					"$(SDKROOT)/Developer/Library/Frameworks",
					"$(inherited)",
				);
				GCC_PREPROCESSOR_DEFINITIONS = (
					"DEBUG=1",
					"$(inherited)",
				);
				INFOPLIST_FILE = PisImageLoaderTests/Info.plist;
				LD_RUNPATH_SEARCH_PATHS = "$(inherited) @executable_path/Frameworks @loader_path/Frameworks";
				PRODUCT_NAME = "$(TARGET_NAME)";
				TEST_HOST = "$(BUILT_PRODUCTS_DIR)/PisImageLoader.app/PisImageLoader";
			};
			name = Debug;
		};
		BBFE67B31B85BF77006AAB67 /* Release */ = {
			isa = XCBuildConfiguration;
			buildSettings = {
				BUNDLE_LOADER = "$(TEST_HOST)";
				FRAMEWORK_SEARCH_PATHS = (
					"$(SDKROOT)/Developer/Library/Frameworks",
					"$(inherited)",
				);
				INFOPLIST_FILE = PisImageLoaderTests/Info.plist;
				LD_RUNPATH_SEARCH_PATHS = "$(inherited) @executable_path/Frameworks @loader_path/Frameworks";
				PRODUCT_NAME = "$(TARGET_NAME)";
				TEST_HOST = "$(BUILT_PRODUCTS_DIR)/PisImageLoader.app/PisImageLoader";
			};
			name = Release;
		};
/* End XCBuildConfiguration section */

/* Begin XCConfigurationList section */
		BBFE67861B85BF77006AAB67 /* Build configuration list for PBXProject "PisImageLoader" */ = {
			isa = XCConfigurationList;
			buildConfigurations = (
				BBFE67AC1B85BF77006AAB67 /* Debug */,
				BBFE67AD1B85BF77006AAB67 /* Release */,
			);
			defaultConfigurationIsVisible = 0;
			defaultConfigurationName = Release;
		};
		BBFE67AE1B85BF77006AAB67 /* Build configuration list for PBXNativeTarget "PisImageLoader" */ = {
			isa = XCConfigurationList;
			buildConfigurations = (
				BBFE67AF1B85BF77006AAB67 /* Debug */,
				BBFE67B01B85BF77006AAB67 /* Release */,
			);
			defaultConfigurationIsVisible = 0;
			defaultConfigurationName = Release;
		};
		BBFE67B11B85BF77006AAB67 /* Build configuration list for PBXNativeTarget "PisImageLoaderTests" */ = {
			isa = XCConfigurationList;
			buildConfigurations = (
				BBFE67B21B85BF77006AAB67 /* Debug */,
				BBFE67B31B85BF77006AAB67 /* Release */,
			);
			defaultConfigurationIsVisible = 0;
			defaultConfigurationName = Release;
		};
/* End XCConfigurationList section */
	};
	rootObject = BBFE67831B85BF77006AAB67 /* Project object */;
}
